# Image digests verified during the October 9, 2026 pilot.
services:
  zammad-backup:
    image: ghcr.io/zammad/zammad@sha256:17dec4f83fc18bad7195d7d44df8dca35e04df882e6315385adf230ea759a614
  zammad-elasticsearch:
    image: elasticsearch@sha256:320bef0140dcaa30527babaae9d7a41c0ccc001e97ab87c08171d867b89e8f4f
  zammad-init:
    image: ghcr.io/zammad/zammad@sha256:17dec4f83fc18bad7195d7d44df8dca35e04df882e6315385adf230ea759a614
  zammad-memcached:
    image: memcached@sha256:9e4de012dc607573052061c0bcb38abc775e1dd59b24e7ac38d1892842094aaf
  zammad-nginx:
    image: ghcr.io/zammad/zammad@sha256:17dec4f83fc18bad7195d7d44df8dca35e04df882e6315385adf230ea759a614
  zammad-postgresql:
    image: postgres@sha256:b0f9560a2de083e2cc7382e75f808c7381a32852a7ec49117deedb300e552b24
  zammad-railsserver:
    image: ghcr.io/zammad/zammad@sha256:17dec4f83fc18bad7195d7d44df8dca35e04df882e6315385adf230ea759a614
  zammad-redis:
    image: redis@sha256:3811787313eba226a2ef38658c6ccb91cd5e110edc89c37767de373120a0e5a0
  zammad-scheduler:
    image: ghcr.io/zammad/zammad@sha256:17dec4f83fc18bad7195d7d44df8dca35e04df882e6315385adf230ea759a614
  zammad-websocket:
    image: ghcr.io/zammad/zammad@sha256:17dec4f83fc18bad7195d7d44df8dca35e04df882e6315385adf230ea759a614
